
Microsoft Visual Studio Solution File, Format Version 12.00
# Visual Studio 15
VisualStudioVersion = 15.0.26228.4
MinimumVisualStudioVersion = 10.0.40219.1
Project("{2150E333-8FDC-42A3-9474-1A3956D46DE8}") = "src", "src", "{A0F6C07F-188D-4F86-B43F-4A3EAD0D2C30}"
EndProject
Project("{9A19103F-16F7-4668-BE54-9A1E7A4F7556}") = "IdentityProvider", "src\IdentityProvider\IdentityProvider.csproj", "{B4BEC119-1F53-43FE-B08E-E648AA8289A3}"
EndProject
Global
	GlobalSection(SolutionConfigurationPlatforms) = preSolution
		Debug|Any CPU = Debug|Any CPU
		Debug|x64 = Debug|x64
		Debug|x86 = Debug|x86
		Release|Any CPU = Release|Any CPU
		Release|x64 = Release|x64
		Release|x86 = Release|x86
	EndGlobalSection
	GlobalSection(ProjectConfigurationPlatforms) = postSolution
		{B4BEC119-1F53-43FE-B08E-E648AA8289A3}.Debug|Any CPU.ActiveCfg = Debug|Any CPU
		{B4BEC119-1F53-43FE-B08E-E648AA8289A3}.Debug|Any CPU.Build.0 = Debug|Any CPU
		{B4BEC119-1F53-43FE-B08E-E648AA8289A3}.Debug|x64.ActiveCfg = Debug|Any CPU
		{B4BEC119-1F53-43FE-B08E-E648AA8289A3}.Debug|x64.Build.0 = Debug|Any CPU
		{B4BEC119-1F53-43FE-B08E-E648AA8289A3}.Debug|x86.ActiveCfg = Debug|Any CPU
		{B4BEC119-1F53-43FE-B08E-E648AA8289A3}.Debug|x86.Build.0 = Debug|Any CPU
		{B4BEC119-1F53-43FE-B08E-E648AA8289A3}.Release|Any CPU.ActiveCfg = Release|Any CPU
		{B4BEC119-1F53-43FE-B08E-E648AA8289A3}.Release|Any CPU.Build.0 = Release|Any CPU
		{B4BEC119-1F53-43FE-B08E-E648AA8289A3}.Release|x64.ActiveCfg = Release|Any CPU
		{B4BEC119-1F53-43FE-B08E-E648AA8289A3}.Release|x64.Build.0 = Release|Any CPU
		{B4BEC119-1F53-43FE-B08E-E648AA8289A3}.Release|x86.ActiveCfg = Release|Any CPU
		{B4BEC119-1F53-43FE-B08E-E648AA8289A3}.Release|x86.Build.0 = Release|Any CPU
	EndGlobalSection
	GlobalSection(SolutionProperties) = preSolution
		HideSolutionNode = FALSE
	EndGlobalSection
	GlobalSection(NestedProjects) = preSolution
		{B4BEC119-1F53-43FE-B08E-E648AA8289A3} = {A0F6C07F-188D-4F86-B43F-4A3EAD0D2C30}
	EndGlobalSection
	GlobalSection(TeamFoundationVersionControl) = preSolution
		SccNumberOfProjects = 2
		SccEnterpriseProvider = {4CA58AB2-18FA-4F8D-95D4-32DDF27D184C}
		SccTeamFoundationServer = https://razvandumitru.visualstudio.com/
		SccLocalPath0 = .
		SccProjectUniqueName1 = src\\IdentityProvider\\IdentityProvider.csproj
		SccProjectTopLevelParentUniqueName1 = IdentityProvider.sln
		SccProjectName1 = src/IdentityProvider
		SccLocalPath1 = src\\IdentityProvider
	EndGlobalSection
EndGlobal
